# This file is automatically @generated by Poetry 1.7.1 and should not be changed by hand.

[[package]]
name = "urwid"
version = "2.4.4"
description = "A full-featured console (xterm et al.) user interface library"
optional = false
python-versions = ">=3.7.0"
files = [
    {file = "urwid-2.4.4-cp310-cp310-macosx_10_9_universal2.whl", hash = "sha256:9469f2ec010a22f5084fd16266d5b6121755949156ebeeb8ceff0c7df351bad2"},
    {file = "urwid-2.4.4-cp310-cp310-macosx_10_9_x86_64.whl", hash = "sha256:37bd4fe73d89abbf43a7c8d3449f95d2a37e3a4a1fe65ca80126cd069173c586"},
    {file = "urwid-2.4.4-cp310-cp310-macosx_11_0_arm64.whl", hash = "sha256:9a0c31f39ea2942b97dda5c63339c63fd9140a6d192fbd0c3e8e3650c48be11f"},
    {file = "urwid-2.4.4-cp310-cp310-manylinux_2_17_aarch64.manylinux2014_aarch64.whl", hash = "sha256:d1ae94e048a44ef02a3b89594941649bed753da45d8543a0bfc07e1bfad2cd90"},
    {file = "urwid-2.4.4-cp310-cp310-manylinux_2_5_i686.manylinux1_i686.manylinux_2_17_i686.manylinux2014_i686.whl", hash = "sha256:761b0497438d4d3f28053a2a128505650da41f07348fe4fb377d48a45f05608d"},
    {file = "urwid-2.4.4-cp310-cp310-manylinux_2_5_x86_64.manylinux1_x86_64.manylinux_2_17_x86_64.manylinux2014_x86_64.whl", hash = "sha256:2920aa8e5de9933a0173c173ec13da1f2292b024206efdf2f9318a623fd9a054"},
    {file = "urwid-2.4.4-cp310-cp310-win32.whl", hash = "sha256:deec71a4139d17f78b5fff6f5ba50d22d26dd9e896c3a6c877e1dc2a74448e13"},
    {file = "urwid-2.4.4-cp310-cp310-win_amd64.whl", hash = "sha256:369decfcb6344187cec59e3d0b68566812571b0f00be7a4c8bd7145f8076af05"},
    {file = "urwid-2.4.4-cp311-cp311-macosx_10_9_universal2.whl", hash = "sha256:602a2dd59a3b7692ce4f6f036597641fbc9ed41361eb11a726225ee5ca6ca2b8"},
    {file = "urwid-2.4.4-cp311-cp311-macosx_10_9_x86_64.whl", hash = "sha256:72038aef8a0c5b0861939dc6a630901659d0e71345e35c74ddd409b821348bae"},
    {file = "urwid-2.4.4-cp311-cp311-macosx_11_0_arm64.whl", hash = "sha256:9022a4d1a8226e96e928c4a82bf299956467cf0ffc373c2432e956c4c915c9df"},
    {file = "urwid-2.4.4-cp311-cp311-manylinux_2_17_aarch64.manylinux2014_aarch64.whl", hash = "sha256:f544e7158b9675300abae3b013a97e198cb3e418fed8035e7b14cbbf468c9cf0"},
    {file = "urwid-2.4.4-cp311-cp311-manylinux_2_5_i686.manylinux1_i686.manylinux_2_17_i686.manylinux2014_i686.whl", hash = "sha256:0a558796a413b8b761d5f7b4e64f10876bc403746b60423bd8279f408e460aec"},
    {file = "urwid-2.4.4-cp311-cp311-manylinux_2_5_x86_64.manylinux1_x86_64.manylinux_2_17_x86_64.manylinux2014_x86_64.whl", hash = "sha256:76c76dec347a30c207efde45dd82da66501e57c8515281a8a345d43672f202b9"},
    {file = "urwid-2.4.4-cp311-cp311-win32.whl", hash = "sha256:6e457c53b2c3fed9262ccb7f7e3176520c59fcd98c1536e446c96623ea4a221b"},
    {file = "urwid-2.4.4-cp311-cp311-win_amd64.whl", hash = "sha256:f6c86ca6565013f7e860105e51c675d2dbb4bf5eb281323250f20053f71bcf76"},
    {file = "urwid-2.4.4-cp312-cp312-macosx_10_9_universal2.whl", hash = "sha256:ab3c261ea9b96734694369071ea660fff06c9f435efbcb1d0c8dbf8883c45995"},
    {file = "urwid-2.4.4-cp312-cp312-macosx_10_9_x86_64.whl", hash = "sha256:aea00cbea62326c97b62b936b646aeecbb49369bdec7089e4ef3f4c61bc7bb31"},
    {file = "urwid-2.4.4-cp312-cp312-macosx_11_0_arm64.whl", hash = "sha256:af99f1b4f584464b3e71251f6efbf344c969acbff121d2c0ab7d952e82cf6c05"},
    {file = "urwid-2.4.4-cp312-cp312-manylinux_2_17_aarch64.manylinux2014_aarch64.whl", hash = "sha256:f0b36fb39555bea4364412ea29117433711d743e29e4e52799abe8eba8a61ef2"},
    {file = "urwid-2.4.4-cp312-cp312-manylinux_2_5_i686.manylinux1_i686.manylinux_2_17_i686.manylinux2014_i686.whl", hash = "sha256:e648f12b34094ffc3167e6e82a7bdbe171a46d41a3fd1c60baf93277dfb74c21"},
    {file = "urwid-2.4.4-cp312-cp312-manylinux_2_5_x86_64.manylinux1_x86_64.manylinux_2_17_x86_64.manylinux2014_x86_64.whl", hash = "sha256:8c3efca2bd024f299393450a1aa4cc6f76db483b3c6e752e071972e4da166c48"},
    {file = "urwid-2.4.4-cp312-cp312-win32.whl", hash = "sha256:0cd1e6d8185cbb4aa05dd96443dd9c3f3b2ce2bd629b0b95bf4d18e275aed7ea"},
    {file = "urwid-2.4.4-cp312-cp312-win_amd64.whl", hash = "sha256:8274037d3616bbf66c374045348c85c04fa79979b485ff308b52141d44f99214"},
    {file = "urwid-2.4.4-cp37-cp37m-macosx_10_9_x86_64.whl", hash = "sha256:18e4b2bf6b5d6330847e414c3b23756f3d8805010469e9ef9507d049b84830ff"},
    {file = "urwid-2.4.4-cp37-cp37m-manylinux_2_17_aarch64.manylinux2014_aarch64.whl", hash = "sha256:450584c61eef1e61a21824ebdbddcad975536d6ff5600a03b436c698eb5602f9"},
    {file = "urwid-2.4.4-cp37-cp37m-manylinux_2_5_i686.manylinux1_i686.manylinux_2_17_i686.manylinux2014_i686.whl", hash = "sha256:de7202abe4d948cc597c2de299984991b11566065a8867c2d4e4971597dc43ed"},
    {file = "urwid-2.4.4-cp37-cp37m-manylinux_2_5_x86_64.manylinux1_x86_64.manylinux_2_17_x86_64.manylinux2014_x86_64.whl", hash = "sha256:603387c0bbaa59982003c5d9019da9d53268e00b7c2c9152c964a481286acfeb"},
    {file = "urwid-2.4.4-cp37-cp37m-win32.whl", hash = "sha256:d9784885af1273b9eecbb79f755f3fb5db8c968d933a075d8e0dabb8bc9f407c"},
    {file = "urwid-2.4.4-cp37-cp37m-win_amd64.whl", hash = "sha256:f7951ecc3e1b7e9a40c9dfa5de7e7de3601666f654a52dfcca07a1776a40fffc"},
    {file = "urwid-2.4.4-cp38-cp38-macosx_10_9_universal2.whl", hash = "sha256:812a8db1e26c2d8edfb4582dd9d2be92e114d18fe12522ad51dffb93a4f41d39"},
    {file = "urwid-2.4.4-cp38-cp38-macosx_10_9_x86_64.whl", hash = "sha256:520197e7d21f87e391f0d7a18e04acb0879492142f26a7498818d551c7092deb"},
    {file = "urwid-2.4.4-cp38-cp38-macosx_11_0_arm64.whl", hash = "sha256:318082295d60f34347ebb5c0860af5bbbe2f6dcb64189d3a6459b94a27509ce5"},
    {file = "urwid-2.4.4-cp38-cp38-manylinux_2_17_aarch64.manylinux2014_aarch64.whl", hash = "sha256:167965857c4cd6958e8f74edfe1e99f566ead23876921ed466b1f9785da4d3bf"},
    {file = "urwid-2.4.4-cp38-cp38-manylinux_2_5_i686.manylinux1_i686.manylinux_2_17_i686.manylinux2014_i686.whl", hash = "sha256:6afd358226bfa3d256df59d4b72b73ee8f6ae686f558c5d5590fb9faac12e026"},
    {file = "urwid-2.4.4-cp38-cp38-manylinux_2_5_x86_64.manylinux1_x86_64.manylinux_2_17_x86_64.manylinux2014_x86_64.whl", hash = "sha256:01c188b3cd7e493dbcca294000b3896aff532c616cfea63fcfb16f8d3578772b"},
    {file = "urwid-2.4.4-cp38-cp38-win32.whl", hash = "sha256:a30415354527e534f0dcc7a23ac962453aad373e1b44b6e75b4efae1ffae848c"},
    {file = "urwid-2.4.4-cp38-cp38-win_amd64.whl", hash = "sha256:69447aa6c1155aab0173e0bb4e79d82c1ee73a63939626053140862484f218d3"},
    {file = "urwid-2.4.4-cp39-cp39-macosx_10_9_universal2.whl", hash = "sha256:12bb07624f0553bdde03e64325721f9e8e2e3498c663cff8c0012a4bf9f52bb0"},
    {file = "urwid-2.4.4-cp39-cp39-macosx_10_9_x86_64.whl", hash = "sha256:0cbff9874c6671dc611d06c85a0740f1eaa5d2ee59d2dd019d332ac6e78838f4"},
    {file = "urwid-2.4.4-cp39-cp39-macosx_11_0_arm64.whl", hash = "sha256:cc029fbfc1552ffd70614e78f99a7fdf4c987e016df3b6289e720a746d5cd4e3"},
    {file = "urwid-2.4.4-cp39-cp39-manylinux_2_17_aarch64.manylinux2014_aarch64.whl", hash = "sha256:0147b753e57ebdd87998c5d4c63c900709d933d184088d09ef89383009adff38"},
    {file = "urwid-2.4.4-cp39-cp39-manylinux_2_5_i686.manylinux1_i686.manylinux_2_17_i686.manylinux2014_i686.whl", hash = "sha256:402372713f231cab9b9dfb0851027586b5d9fd8764e75df9e3856176d9c8b75c"},
    {file = "urwid-2.4.4-cp39-cp39-manylinux_2_5_x86_64.manylinux1_x86_64.manylinux_2_17_x86_64.manylinux2014_x86_64.whl", hash = "sha256:1ce3f300dd762136aef728adde00afefa67dec74ac9e923e8cc446160417c4de"},
    {file = "urwid-2.4.4-cp39-cp39-win32.whl", hash = "sha256:cae41346a9f94e72307ee2d8710bfafa54fa59cd8a14adc56ca4303cd2eeb3c0"},
    {file = "urwid-2.4.4-cp39-cp39-win_amd64.whl", hash = "sha256:af6960c74ee4bfffaed0407209838dfad1703ecae1eff782745328981b83f355"},
    {file = "urwid-2.4.4.tar.gz", hash = "sha256:7bf29d764dcd75e1876758ec1df50ed119f1c8b57ffe8961262525a48a305a80"},
]

[package.extras]
curses = ["windows-curses"]
glib = ["PyGObject"]
lcd = ["pyserial"]
serial = ["pyserial"]
tornado = ["tornado (>=5.0)"]
trio = ["exceptiongroup", "trio (>=0.22.0)"]
twisted = ["twisted"]
zmq = ["zmq"]

[metadata]
lock-version = "2.0"
python-versions = "^3.9"
content-hash = "3cf5797c4ee0baef510403807a4b046a60cb9a3af7c0841c5059c524ecfb6d84"
